
Microsoft Visual Studio Solution File, Format Version 12.00
# Visual Studio Version 16
VisualStudioVersion = 16.0.29123.88
MinimumVisualStudioVersion = 10.0.40219.1
Project("{FAE04EC0-301F-11D3-BF4B-00C04F79EFBC}") = "APBD1", "APBD1\APBD1.csproj", "{35097C5D-235B-47FD-A7F0-5CA7793717A2}"
EndProject
Global
	GlobalSection(SolutionConfigurationPlatforms) = preSolution
		Debug|Any CPU = Debug|Any CPU
		Release|Any CPU = Release|Any CPU
	EndGlobalSection
	GlobalSection(ProjectConfigurationPlatforms) = postSolution
		{35097C5D-235B-47FD-A7F0-5CA7793717A2}.Debug|Any CPU.ActiveCfg = Debug|Any CPU
		{35097C5D-235B-47FD-A7F0-5CA7793717A2}.Debug|Any CPU.Build.0 = Debug|Any CPU
		{35097C5D-235B-47FD-A7F0-5CA7793717A2}.Release|Any CPU.ActiveCfg = Release|Any CPU
		{35097C5D-235B-47FD-A7F0-5CA7793717A2}.Release|Any CPU.Build.0 = Release|Any CPU
	EndGlobalSection
	GlobalSection(SolutionProperties) = preSolution
		HideSolutionNode = FALSE
	EndGlobalSection
	GlobalSection(ExtensibilityGlobals) = postSolution
		SolutionGuid = {54A0D013-7713-4DA1-8628-FD695C31B013}
	EndGlobalSection
EndGlobal
